
Microsoft Visual Studio Solution File, Format Version 12.00
# Visual Studio 15
VisualStudioVersion = 15.0.28307.489
MinimumVisualStudioVersion = 10.0.40219.1
Project("{FAE04EC0-301F-11D3-BF4B-00C04F79EFBC}") = "Xml2Tmx", "Xml2Tmx.csproj", "{3D99732C-467E-412D-A2DD-0EC827F69BBC}"
EndProject
Global
	GlobalSection(SolutionConfigurationPlatforms) = preSolution
		Debug|Any CPU = Debug|Any CPU
		Release|Any CPU = Release|Any CPU
	EndGlobalSection
	GlobalSection(ProjectConfigurationPlatforms) = postSolution
		{3D99732C-467E-412D-A2DD-0EC827F69BBC}.Debug|Any CPU.ActiveCfg = Debug|Any CPU
		{3D99732C-467E-412D-A2DD-0EC827F69BBC}.Debug|Any CPU.Build.0 = Debug|Any CPU
		{3D99732C-467E-412D-A2DD-0EC827F69BBC}.Release|Any CPU.ActiveCfg = Release|Any CPU
		{3D99732C-467E-412D-A2DD-0EC827F69BBC}.Release|Any CPU.Build.0 = Release|Any CPU
	EndGlobalSection
	GlobalSection(SolutionProperties) = preSolution
		HideSolutionNode = FALSE
	EndGlobalSection
	GlobalSection(ExtensibilityGlobals) = postSolution
		SolutionGuid = {1A6566E2-D5EA-4C79-B025-FCB5E399AA9B}
	EndGlobalSection
EndGlobal
